
Microsoft Visual Studio Solution File, Format Version 12.00
# Visual Studio Version 17
VisualStudioVersion = 17.6.33815.320
MinimumVisualStudioVersion = 10.0.40219.1
Project("{FAE04EC0-301F-11D3-BF4B-00C04F79EFBC}") = "assignment3", "assignment3.csproj", "{FE3A7B46-1243-46A4-8FBB-B835DB2B50DB}"
EndProject
Global
	GlobalSection(SolutionConfigurationPlatforms) = preSolution
		Debug|Any CPU = Debug|Any CPU
		Release|Any CPU = Release|Any CPU
	EndGlobalSection
	GlobalSection(ProjectConfigurationPlatforms) = postSolution
		{FE3A7B46-1243-46A4-8FBB-B835DB2B50DB}.Debug|Any CPU.ActiveCfg = Debug|Any CPU
		{FE3A7B46-1243-46A4-8FBB-B835DB2B50DB}.Debug|Any CPU.Build.0 = Debug|Any CPU
		{FE3A7B46-1243-46A4-8FBB-B835DB2B50DB}.Release|Any CPU.ActiveCfg = Release|Any CPU
		{FE3A7B46-1243-46A4-8FBB-B835DB2B50DB}.Release|Any CPU.Build.0 = Release|Any CPU
	EndGlobalSection
	GlobalSection(SolutionProperties) = preSolution
		HideSolutionNode = FALSE
	EndGlobalSection
	GlobalSection(ExtensibilityGlobals) = postSolution
		SolutionGuid = {172710C3-203D-4FE3-84C9-41BB8DE5BB4B}
	EndGlobalSection
EndGlobal
